
Microsoft Visual Studio Solution File, Format Version 12.00
# Visual Studio Version 17
VisualStudioVersion = 17.0.31919.166
MinimumVisualStudioVersion = 10.0.40219.1
Project("{9092AA53-FB77-4645-B42D-1CCCA6BD08BD}") = "Plugin", "Plugin.njsproj", "{C1938E31-A9D7-490E-BE28-4EC6E9629642}"
EndProject
Project("{6EC3EE1D-3C4E-46DD-8F32-0CC8E7565705}") = "PluginSource", "src\PluginSource.fsproj", "{C8CB0F94-F90F-45A7-8A15-A1B6747239C5}"
EndProject
Global
	GlobalSection(SolutionConfigurationPlatforms) = preSolution
		Debug|Any CPU = Debug|Any CPU
		Release|Any CPU = Release|Any CPU
	EndGlobalSection
	GlobalSection(ProjectConfigurationPlatforms) = postSolution
		{C1938E31-A9D7-490E-BE28-4EC6E9629642}.Debug|Any CPU.ActiveCfg = Debug|Any CPU
		{C1938E31-A9D7-490E-BE28-4EC6E9629642}.Debug|Any CPU.Build.0 = Debug|Any CPU
		{C1938E31-A9D7-490E-BE28-4EC6E9629642}.Release|Any CPU.ActiveCfg = Release|Any CPU
		{C1938E31-A9D7-490E-BE28-4EC6E9629642}.Release|Any CPU.Build.0 = Release|Any CPU
		{C8CB0F94-F90F-45A7-8A15-A1B6747239C5}.Debug|Any CPU.ActiveCfg = Debug|Any CPU
		{C8CB0F94-F90F-45A7-8A15-A1B6747239C5}.Release|Any CPU.ActiveCfg = Release|Any CPU
	EndGlobalSection
	GlobalSection(SolutionProperties) = preSolution
		HideSolutionNode = FALSE
	EndGlobalSection
	GlobalSection(ExtensibilityGlobals) = postSolution
		SolutionGuid = {4CDBA5B0-C468-456D-A109-8964C6357C4E}
	EndGlobalSection
EndGlobal
